// !$*UTF8*$!
{
	archiveVersion = 1;
	classes = {
	};
	objectVersion = 46;
	objects = {

/* Begin PBXBuildFile section */
		9BCFD6CC622C2CCA20AE5EA0 /* Pods_ChatSDK_Demo.framework in Frameworks */ = {isa = PBXBuildFile; fileRef = A1340451633F777ADC5C5C37 /* Pods_ChatSDK_Demo.framework */; };
		AC7BD9A51E0874B400C785EE /* Main.storyboard in Resources */ = {isa = PBXBuildFile; fileRef = AC7BD9A31E0874B400C785EE /* Main.storyboard */; };
		AC7BD9A71E0874B400C785EE /* Assets.xcassets in Resources */ = {isa = PBXBuildFile; fileRef = AC7BD9A61E0874B400C785EE /* Assets.xcassets */; };
		AC7BD9AA1E0874B400C785EE /* LaunchScreen.storyboard in Resources */ = {isa = PBXBuildFile; fileRef = AC7BD9A81E0874B400C785EE /* LaunchScreen.storyboard */; };
		AC7BD9BF1E096E9000C785EE /* GoogleService-Info.plist in Resources */ = {isa = PBXBuildFile; fileRef = AC7BD9BE1E096E9000C785EE /* GoogleService-Info.plist */; };
		B5081AC81F56C04B0015417B /* AppDelegate.m in Sources */ = {isa = PBXBuildFile; fileRef = AC7BD99E1E0874B400C785EE /* AppDelegate.m */; };
		B5081AC91F56C04B0015417B /* main.m in Sources */ = {isa = PBXBuildFile; fileRef = AC7BD99B1E0874B400C785EE /* main.m */; };
/* End PBXBuildFile section */

/* Begin PBXFileReference section */
		A1340451633F777ADC5C5C37 /* Pods_ChatSDK_Demo.framework */ = {isa = PBXFileReference; explicitFileType = wrapper.framework; includeInIndex = 0; path = Pods_ChatSDK_Demo.framework; sourceTree = BUILT_PRODUCTS_DIR; };
		AC7BD9971E0874B400C785EE /* ChatSDK Demo.app */ = {isa = PBXFileReference; explicitFileType = wrapper.application; includeInIndex = 0; path = "ChatSDK Demo.app"; sourceTree = BUILT_PRODUCTS_DIR; };
		AC7BD99B1E0874B400C785EE /* main.m */ = {isa = PBXFileReference; lastKnownFileType = sourcecode.c.objc; path = main.m; sourceTree = "<group>"; };
		AC7BD99D1E0874B400C785EE /* AppDelegate.h */ = {isa = PBXFileReference; lastKnownFileType = sourcecode.c.h; path = AppDelegate.h; sourceTree = "<group>"; };
		AC7BD99E1E0874B400C785EE /* AppDelegate.m */ = {isa = PBXFileReference; lastKnownFileType = sourcecode.c.objc; path = AppDelegate.m; sourceTree = "<group>"; };
		AC7BD9A41E0874B400C785EE /* Base */ = {isa = PBXFileReference; lastKnownFileType = file.storyboard; name = Base; path = Base.lproj/Main.storyboard; sourceTree = "<group>"; };
		AC7BD9A61E0874B400C785EE /* Assets.xcassets */ = {isa = PBXFileReference; lastKnownFileType = folder.assetcatalog; path = Assets.xcassets; sourceTree = "<group>"; };
		AC7BD9A91E0874B400C785EE /* Base */ = {isa = PBXFileReference; lastKnownFileType = file.storyboard; name = Base; path = Base.lproj/LaunchScreen.storyboard; sourceTree = "<group>"; };
		AC7BD9AB1E0874B400C785EE /* Info.plist */ = {isa = PBXFileReference; lastKnownFileType = text.plist.xml; path = Info.plist; sourceTree = "<group>"; };
		AC7BD9BE1E096E9000C785EE /* GoogleService-Info.plist */ = {isa = PBXFileReference; fileEncoding = 4; lastKnownFileType = text.plist.xml; path = "GoogleService-Info.plist"; sourceTree = "<group>"; };
		B5736DD220A1F25900D0947B /* ChatSDK Demo.entitlements */ = {isa = PBXFileReference; lastKnownFileType = text.plist.entitlements; path = "ChatSDK Demo.entitlements"; sourceTree = "<group>"; };
		DE062C0474FC278866061398 /* Pods-ChatSDK Demo.release.xcconfig */ = {isa = PBXFileReference; includeInIndex = 1; lastKnownFileType = text.xcconfig; name = "Pods-ChatSDK Demo.release.xcconfig"; path = "Pods/Target Support Files/Pods-ChatSDK Demo/Pods-ChatSDK Demo.release.xcconfig"; sourceTree = "<group>"; };
		E4BFA3755FF27F9245670528 /* Pods-ChatSDK Demo.debug.xcconfig */ = {isa = PBXFileReference; includeInIndex = 1; lastKnownFileType = text.xcconfig; name = "Pods-ChatSDK Demo.debug.xcconfig"; path = "Pods/Target Support Files/Pods-ChatSDK Demo/Pods-ChatSDK Demo.debug.xcconfig"; sourceTree = "<group>"; };
/* End PBXFileReference section */

/* Begin PBXFrameworksBuildPhase section */
		AC7BD9941E0874B400C785EE /* Frameworks */ = {
			isa = PBXFrameworksBuildPhase;
			buildActionMask = 2147483647;
			files = (
				9BCFD6CC622C2CCA20AE5EA0 /* Pods_ChatSDK_Demo.framework in Frameworks */,
			);
			runOnlyForDeploymentPostprocessing = 0;
		};
/* End PBXFrameworksBuildPhase section */

/* Begin PBXGroup section */
		69D1C1CD266A890CE066CE7D /* Frameworks */ = {
			isa = PBXGroup;
			children = (
				A1340451633F777ADC5C5C37 /* Pods_ChatSDK_Demo.framework */,
			);
			name = Frameworks;
			sourceTree = "<group>";
		};
		AC7BD98E1E0874B400C785EE = {
			isa = PBXGroup;
			children = (
				AC7BD9991E0874B400C785EE /* ChatSDK Demo */,
				AC7BD9981E0874B400C785EE /* Products */,
				EDA14587B736052828BD5DC5 /* Pods */,
				69D1C1CD266A890CE066CE7D /* Frameworks */,
			);
			sourceTree = "<group>";
		};
		AC7BD9981E0874B400C785EE /* Products */ = {
			isa = PBXGroup;
			children = (
				AC7BD9971E0874B400C785EE /* ChatSDK Demo.app */,
			);
			name = Products;
			sourceTree = "<group>";
		};
		AC7BD9991E0874B400C785EE /* ChatSDK Demo */ = {
			isa = PBXGroup;
			children = (
				B5736DD220A1F25900D0947B /* ChatSDK Demo.entitlements */,
				AC7BD9BE1E096E9000C785EE /* GoogleService-Info.plist */,
				AC7BD99D1E0874B400C785EE /* AppDelegate.h */,
				AC7BD99E1E0874B400C785EE /* AppDelegate.m */,
				AC7BD9A31E0874B400C785EE /* Main.storyboard */,
				AC7BD9A61E0874B400C785EE /* Assets.xcassets */,
				AC7BD9A81E0874B400C785EE /* LaunchScreen.storyboard */,
				AC7BD9AB1E0874B400C785EE /* Info.plist */,
				AC7BD99A1E0874B400C785EE /* Supporting Files */,
			);
			path = "ChatSDK Demo";
			sourceTree = "<group>";
		};
		AC7BD99A1E0874B400C785EE /* Supporting Files */ = {
			isa = PBXGroup;
			children = (
				AC7BD99B1E0874B400C785EE /* main.m */,
			);
			name = "Supporting Files";
			sourceTree = "<group>";
		};
		EDA14587B736052828BD5DC5 /* Pods */ = {
			isa = PBXGroup;
			children = (
				E4BFA3755FF27F9245670528 /* Pods-ChatSDK Demo.debug.xcconfig */,
				DE062C0474FC278866061398 /* Pods-ChatSDK Demo.release.xcconfig */,
			);
			name = Pods;
			sourceTree = "<group>";
		};
/* End PBXGroup section */

/* Begin PBXNativeTarget section */
		AC7BD9961E0874B400C785EE /* ChatSDK Demo */ = {
			isa = PBXNativeTarget;
			buildConfigurationList = AC7BD9AE1E0874B400C785EE /* Build configuration list for PBXNativeTarget "ChatSDK Demo" */;
			buildPhases = (
				BD3A7ACF5CCC1366902225B0 /* [CP] Check Pods Manifest.lock */,
				AC7BD9931E0874B400C785EE /* Sources */,
				AC7BD9941E0874B400C785EE /* Frameworks */,
				AC7BD9951E0874B400C785EE /* Resources */,
				B5030DB2202883D0001BF175 /* ShellScript */,
				62D8972BFD00FFB9A6182F9B /* [CP] Embed Pods Frameworks */,
				016965BD58B3C6F38BE7677C /* [CP] Copy Pods Resources */,
			);
			buildRules = (
			);
			dependencies = (
			);
			name = "ChatSDK Demo";
			productName = "ChatSDK Demo";
			productReference = AC7BD9971E0874B400C785EE /* ChatSDK Demo.app */;
			productType = "com.apple.product-type.application";
		};
/* End PBXNativeTarget section */

/* Begin PBXProject section */
		AC7BD98F1E0874B400C785EE /* Project object */ = {
			isa = PBXProject;
			attributes = {
				LastUpgradeCheck = 0940;
				ORGANIZATIONNAME = deluge;
				TargetAttributes = {
					AC7BD9961E0874B400C785EE = {
						CreatedOnToolsVersion = 8.2;
						DevelopmentTeam = P7RPLLCMTA;
						LastSwiftMigration = 0820;
						ProvisioningStyle = Automatic;
						SystemCapabilities = {
							com.apple.BackgroundModes = {
								enabled = 1;
							};
							com.apple.Push = {
								enabled = 1;
							};
						};
					};
				};
			};
			buildConfigurationList = AC7BD9921E0874B400C785EE /* Build configuration list for PBXProject "ChatSDK Demo" */;
			compatibilityVersion = "Xcode 3.2";
			developmentRegion = English;
			hasScannedForEncodings = 0;
			knownRegions = (
				en,
				Base,
			);
			mainGroup = AC7BD98E1E0874B400C785EE;
			productRefGroup = AC7BD9981E0874B400C785EE /* Products */;
			projectDirPath = "";
			projectRoot = "";
			targets = (
				AC7BD9961E0874B400C785EE /* ChatSDK Demo */,
			);
		};
/* End PBXProject section */

/* Begin PBXResourcesBuildPhase section */
		AC7BD9951E0874B400C785EE /* Resources */ = {
			isa = PBXResourcesBuildPhase;
			buildActionMask = 2147483647;
			files = (
				AC7BD9AA1E0874B400C785EE /* LaunchScreen.storyboard in Resources */,
				AC7BD9BF1E096E9000C785EE /* GoogleService-Info.plist in Resources */,
				AC7BD9A71E0874B400C785EE /* Assets.xcassets in Resources */,
				AC7BD9A51E0874B400C785EE /* Main.storyboard in Resources */,
			);
			runOnlyForDeploymentPostprocessing = 0;
		};
/* End PBXResourcesBuildPhase section */

/* Begin PBXShellScriptBuildPhase section */
		016965BD58B3C6F38BE7677C /* [CP] Copy Pods Resources */ = {
			isa = PBXShellScriptBuildPhase;
			buildActionMask = 2147483647;
			files = (
			);
			inputPaths = (
				"${SRCROOT}/Pods/Target Support Files/Pods-ChatSDK Demo/Pods-ChatSDK Demo-resources.sh",
				"${PODS_CONFIGURATION_BUILD_DIR}/ChatSDK/ChatCore.bundle",
				"${PODS_CONFIGURATION_BUILD_DIR}/ChatSDK/ChatCoreData.bundle",
				"${PODS_CONFIGURATION_BUILD_DIR}/ChatSDK/ChatFirebaseSocialLogin.bundle",
				"${PODS_CONFIGURATION_BUILD_DIR}/ChatSDK/ChatUI.bundle",
				"${PODS_ROOT}/GoogleSignIn/Resources/GoogleSignIn.bundle",
				"${PODS_ROOT}/TwitterKit/iOS/TwitterKit.framework/TwitterKitResources.bundle",
				"${PODS_ROOT}/TwitterKit/iOS/TwitterKit.framework/TwitterShareExtensionUIResources.bundle",
			);
			name = "[CP] Copy Pods Resources";
			outputPaths = (
				"${TARGET_BUILD_DIR}/${UNLOCALIZED_RESOURCES_FOLDER_PATH}/ChatCore.bundle",
				"${TARGET_BUILD_DIR}/${UNLOCALIZED_RESOURCES_FOLDER_PATH}/ChatCoreData.bundle",
				"${TARGET_BUILD_DIR}/${UNLOCALIZED_RESOURCES_FOLDER_PATH}/ChatFirebaseSocialLogin.bundle",
				"${TARGET_BUILD_DIR}/${UNLOCALIZED_RESOURCES_FOLDER_PATH}/ChatUI.bundle",
				"${TARGET_BUILD_DIR}/${UNLOCALIZED_RESOURCES_FOLDER_PATH}/GoogleSignIn.bundle",
				"${TARGET_BUILD_DIR}/${UNLOCALIZED_RESOURCES_FOLDER_PATH}/TwitterKitResources.bundle",
				"${TARGET_BUILD_DIR}/${UNLOCALIZED_RESOURCES_FOLDER_PATH}/TwitterShareExtensionUIResources.bundle",
			);
			runOnlyForDeploymentPostprocessing = 0;
			shellPath = /bin/sh;
			shellScript = "\"${SRCROOT}/Pods/Target Support Files/Pods-ChatSDK Demo/Pods-ChatSDK Demo-resources.sh\"\n";
			showEnvVarsInLog = 0;
		};
		62D8972BFD00FFB9A6182F9B /* [CP] Embed Pods Frameworks */ = {
			isa = PBXShellScriptBuildPhase;
			buildActionMask = 2147483647;
			files = (
			);
			inputPaths = (
				"${SRCROOT}/Pods/Target Support Files/Pods-ChatSDK Demo/Pods-ChatSDK Demo-frameworks.sh",
				"${BUILT_PRODUCTS_DIR}/AFNetworking/AFNetworking.framework",
				"${BUILT_PRODUCTS_DIR}/Bolts/Bolts.framework",
				"${BUILT_PRODUCTS_DIR}/ChatSDKKeepLayout/KeepLayout.framework",
				"${BUILT_PRODUCTS_DIR}/CountryPicker/CountryPicker.framework",
				"${BUILT_PRODUCTS_DIR}/DateTools/DateTools.framework",
				"${BUILT_PRODUCTS_DIR}/FBSDKCoreKit/FBSDKCoreKit.framework",
				"${BUILT_PRODUCTS_DIR}/FBSDKLoginKit/FBSDKLoginKit.framework",
				"${BUILT_PRODUCTS_DIR}/FrameAccessor/FrameAccessor.framework",
				"${BUILT_PRODUCTS_DIR}/GTMOAuth2/GTMOAuth2.framework",
				"${BUILT_PRODUCTS_DIR}/GTMSessionFetcher/GTMSessionFetcher.framework",
				"${BUILT_PRODUCTS_DIR}/GoogleToolboxForMac/GoogleToolboxForMac.framework",
				"${BUILT_PRODUCTS_DIR}/Hakawai/Hakawai.framework",
				"${BUILT_PRODUCTS_DIR}/MBProgressHUD/MBProgressHUD.framework",
				"${BUILT_PRODUCTS_DIR}/Protobuf/Protobuf.framework",
				"${BUILT_PRODUCTS_DIR}/RXPromise/RXPromise.framework",
				"${BUILT_PRODUCTS_DIR}/Reachability/Reachability.framework",
				"${BUILT_PRODUCTS_DIR}/SDWebImage/SDWebImage.framework",
				"${BUILT_PRODUCTS_DIR}/StaticDataTableViewController/StaticDataTableViewController.framework",
				"${BUILT_PRODUCTS_DIR}/TOCropViewController/TOCropViewController.framework",
				"${BUILT_PRODUCTS_DIR}/Toast/Toast.framework",
				"${PODS_ROOT}/TwitterCore/iOS/TwitterCore.framework",
				"${PODS_ROOT}/TwitterKit/iOS/TwitterKit.framework",
				"${BUILT_PRODUCTS_DIR}/VENTokenField/VENTokenField.framework",
				"${BUILT_PRODUCTS_DIR}/leveldb-library/leveldb.framework",
				"${BUILT_PRODUCTS_DIR}/nanopb/nanopb.framework",
			);
			name = "[CP] Embed Pods Frameworks";
			outputPaths = (
				"${TARGET_BUILD_DIR}/${FRAMEWORKS_FOLDER_PATH}/AFNetworking.framework",
				"${TARGET_BUILD_DIR}/${FRAMEWORKS_FOLDER_PATH}/Bolts.framework",
				"${TARGET_BUILD_DIR}/${FRAMEWORKS_FOLDER_PATH}/KeepLayout.framework",
				"${TARGET_BUILD_DIR}/${FRAMEWORKS_FOLDER_PATH}/CountryPicker.framework",
				"${TARGET_BUILD_DIR}/${FRAMEWORKS_FOLDER_PATH}/DateTools.framework",
				"${TARGET_BUILD_DIR}/${FRAMEWORKS_FOLDER_PATH}/FBSDKCoreKit.framework",
				"${TARGET_BUILD_DIR}/${FRAMEWORKS_FOLDER_PATH}/FBSDKLoginKit.framework",
				"${TARGET_BUILD_DIR}/${FRAMEWORKS_FOLDER_PATH}/FrameAccessor.framework",
				"${TARGET_BUILD_DIR}/${FRAMEWORKS_FOLDER_PATH}/GTMOAuth2.framework",
				"${TARGET_BUILD_DIR}/${FRAMEWORKS_FOLDER_PATH}/GTMSessionFetcher.framework",
				"${TARGET_BUILD_DIR}/${FRAMEWORKS_FOLDER_PATH}/GoogleToolboxForMac.framework",
				"${TARGET_BUILD_DIR}/${FRAMEWORKS_FOLDER_PATH}/Hakawai.framework",
				"${TARGET_BUILD_DIR}/${FRAMEWORKS_FOLDER_PATH}/MBProgressHUD.framework",
				"${TARGET_BUILD_DIR}/${FRAMEWORKS_FOLDER_PATH}/Protobuf.framework",
				"${TARGET_BUILD_DIR}/${FRAMEWORKS_FOLDER_PATH}/RXPromise.framework",
				"${TARGET_BUILD_DIR}/${FRAMEWORKS_FOLDER_PATH}/Reachability.framework",
				"${TARGET_BUILD_DIR}/${FRAMEWORKS_FOLDER_PATH}/SDWebImage.framework",
				"${TARGET_BUILD_DIR}/${FRAMEWORKS_FOLDER_PATH}/StaticDataTableViewController.framework",
				"${TARGET_BUILD_DIR}/${FRAMEWORKS_FOLDER_PATH}/TOCropViewController.framework",
				"${TARGET_BUILD_DIR}/${FRAMEWORKS_FOLDER_PATH}/Toast.framework",
				"${TARGET_BUILD_DIR}/${FRAMEWORKS_FOLDER_PATH}/TwitterCore.framework",
				"${TARGET_BUILD_DIR}/${FRAMEWORKS_FOLDER_PATH}/TwitterKit.framework",
				"${TARGET_BUILD_DIR}/${FRAMEWORKS_FOLDER_PATH}/VENTokenField.framework",
				"${TARGET_BUILD_DIR}/${FRAMEWORKS_FOLDER_PATH}/leveldb.framework",
				"${TARGET_BUILD_DIR}/${FRAMEWORKS_FOLDER_PATH}/nanopb.framework",
			);
			runOnlyForDeploymentPostprocessing = 0;
			shellPath = /bin/sh;
			shellScript = "\"${SRCROOT}/Pods/Target Support Files/Pods-ChatSDK Demo/Pods-ChatSDK Demo-frameworks.sh\"\n";
			showEnvVarsInLog = 0;
		};
		B5030DB2202883D0001BF175 /* ShellScript */ = {
			isa = PBXShellScriptBuildPhase;
			buildActionMask = 2147483647;
			files = (
			);
			inputPaths = (
			);
			outputPaths = (
			);
			runOnlyForDeploymentPostprocessing = 0;
			shellPath = /bin/sh;
			shellScript = "\"${PODS_ROOT}/Fabric/run\"";
		};
		BD3A7ACF5CCC1366902225B0 /* [CP] Check Pods Manifest.lock */ = {
			isa = PBXShellScriptBuildPhase;
			buildActionMask = 2147483647;
			files = (
			);
			inputPaths = (
				"${PODS_PODFILE_DIR_PATH}/Podfile.lock",
				"${PODS_ROOT}/Manifest.lock",
			);
			name = "[CP] Check Pods Manifest.lock";
			outputPaths = (
				"$(DERIVED_FILE_DIR)/Pods-ChatSDK Demo-checkManifestLockResult.txt",
			);
			runOnlyForDeploymentPostprocessing = 0;
			shellPath = /bin/sh;
			shellScript = "diff \"${PODS_PODFILE_DIR_PATH}/Podfile.lock\" \"${PODS_ROOT}/Manifest.lock\" > /dev/null\nif [ $? != 0 ] ; then\n    # print error to STDERR\n    echo \"error: The sandbox is not in sync with the Podfile.lock. Run 'pod install' or update your CocoaPods installation.\" >&2\n    exit 1\nfi\n# This output is used by Xcode 'outputs' to avoid re-running this script phase.\necho \"SUCCESS\" > \"${SCRIPT_OUTPUT_FILE_0}\"\n";
			showEnvVarsInLog = 0;
		};
/* End PBXShellScriptBuildPhase section */

/* Begin PBXSourcesBuildPhase section */
		AC7BD9931E0874B400C785EE /* Sources */ = {
			isa = PBXSourcesBuildPhase;
			buildActionMask = 2147483647;
			files = (
				B5081AC81F56C04B0015417B /* AppDelegate.m in Sources */,
				B5081AC91F56C04B0015417B /* main.m in Sources */,
			);
			runOnlyForDeploymentPostprocessing = 0;
		};
/* End PBXSourcesBuildPhase section */

/* Begin PBXVariantGroup section */
		AC7BD9A31E0874B400C785EE /* Main.storyboard */ = {
			isa = PBXVariantGroup;
			children = (
				AC7BD9A41E0874B400C785EE /* Base */,
			);
			name = Main.storyboard;
			sourceTree = "<group>";
		};
		AC7BD9A81E0874B400C785EE /* LaunchScreen.storyboard */ = {
			isa = PBXVariantGroup;
			children = (
				AC7BD9A91E0874B400C785EE /* Base */,
			);
			name = LaunchScreen.storyboard;
			sourceTree = "<group>";
		};
/* End PBXVariantGroup section */

/* Begin XCBuildConfiguration section */
		AC7BD9AC1E0874B400C785EE /* Debug */ = {
			isa = XCBuildConfiguration;
			buildSettings = {
				CLANG_ANALYZER_NONNULL = YES;
				CLANG_CXX_LANGUAGE_STANDARD = "gnu++0x";
				CLANG_CXX_LIBRARY = "libc++";
				CLANG_ENABLE_MODULES = YES;
				CLANG_ENABLE_OBJC_ARC = YES;
				CLANG_WARN_BLOCK_CAPTURE_AUTORELEASING = YES;
				CLANG_WARN_BOOL_CONVERSION = YES;
				CLANG_WARN_COMMA = YES;
				CLANG_WARN_CONSTANT_CONVERSION = YES;
				CLANG_WARN_DEPRECATED_OBJC_IMPLEMENTATIONS = YES;
				CLANG_WARN_DIRECT_OBJC_ISA_USAGE = YES_ERROR;
				CLANG_WARN_DOCUMENTATION_COMMENTS = YES;
				CLANG_WARN_EMPTY_BODY = YES;
				CLANG_WARN_ENUM_CONVERSION = YES;
				CLANG_WARN_INFINITE_RECURSION = YES;
				CLANG_WARN_INT_CONVERSION = YES;
				CLANG_WARN_NON_LITERAL_NULL_CONVERSION = YES;
				CLANG_WARN_OBJC_IMPLICIT_RETAIN_SELF = YES;
				CLANG_WARN_OBJC_LITERAL_CONVERSION = YES;
				CLANG_WARN_OBJC_ROOT_CLASS = YES_ERROR;
				CLANG_WARN_RANGE_LOOP_ANALYSIS = YES;
				CLANG_WARN_STRICT_PROTOTYPES = YES;
				CLANG_WARN_SUSPICIOUS_MOVE = YES;
				CLANG_WARN_UNREACHABLE_CODE = YES;
				CLANG_WARN__DUPLICATE_METHOD_MATCH = YES;
				"CODE_SIGN_IDENTITY[sdk=iphoneos*]" = "iPhone Developer";
				COPY_PHASE_STRIP = NO;
				DEBUG_INFORMATION_FORMAT = dwarf;
				ENABLE_STRICT_OBJC_MSGSEND = YES;
				ENABLE_TESTABILITY = YES;
				GCC_C_LANGUAGE_STANDARD = gnu99;
				GCC_DYNAMIC_NO_PIC = NO;
				GCC_NO_COMMON_BLOCKS = YES;
				GCC_OPTIMIZATION_LEVEL = 0;
				GCC_PREPROCESSOR_DEFINITIONS = (
					"DEBUG=1",
					"$(inherited)",
				);
				GCC_WARN_64_TO_32_BIT_CONVERSION = YES;
				GCC_WARN_ABOUT_RETURN_TYPE = YES_ERROR;
				GCC_WARN_UNDECLARED_SELECTOR = YES;
				GCC_WARN_UNINITIALIZED_AUTOS = YES_AGGRESSIVE;
				GCC_WARN_UNUSED_FUNCTION = YES;
				GCC_WARN_UNUSED_VARIABLE = YES;
				IPHONEOS_DEPLOYMENT_TARGET = 10.2;
				MTL_ENABLE_DEBUG_INFO = YES;
				ONLY_ACTIVE_ARCH = YES;
				SDKROOT = iphoneos;
				TARGETED_DEVICE_FAMILY = "1,2";
			};
			name = Debug;
		};
		AC7BD9AD1E0874B400C785EE /* Release */ = {
			isa = XCBuildConfiguration;
			buildSettings = {
				CLANG_ANALYZER_NONNULL = YES;
				CLANG_CXX_LANGUAGE_STANDARD = "gnu++0x";
				CLANG_CXX_LIBRARY = "libc++";
				CLANG_ENABLE_MODULES = YES;
				CLANG_ENABLE_OBJC_ARC = YES;
				CLANG_WARN_BLOCK_CAPTURE_AUTORELEASING = YES;
				CLANG_WARN_BOOL_CONVERSION = YES;
				CLANG_WARN_COMMA = YES;
				CLANG_WARN_CONSTANT_CONVERSION = YES;
				CLANG_WARN_DEPRECATED_OBJC_IMPLEMENTATIONS = YES;
				CLANG_WARN_DIRECT_OBJC_ISA_USAGE = YES_ERROR;
				CLANG_WARN_DOCUMENTATION_COMMENTS = YES;
				CLANG_WARN_EMPTY_BODY = YES;
				CLANG_WARN_ENUM_CONVERSION = YES;
				CLANG_WARN_INFINITE_RECURSION = YES;
				CLANG_WARN_INT_CONVERSION = YES;
				CLANG_WARN_NON_LITERAL_NULL_CONVERSION = YES;
				CLANG_WARN_OBJC_IMPLICIT_RETAIN_SELF = YES;
				CLANG_WARN_OBJC_LITERAL_CONVERSION = YES;
				CLANG_WARN_OBJC_ROOT_CLASS = YES_ERROR;
				CLANG_WARN_RANGE_LOOP_ANALYSIS = YES;
				CLANG_WARN_STRICT_PROTOTYPES = YES;
				CLANG_WARN_SUSPICIOUS_MOVE = YES;
				CLANG_WARN_UNREACHABLE_CODE = YES;
				CLANG_WARN__DUPLICATE_METHOD_MATCH = YES;
				"CODE_SIGN_IDENTITY[sdk=iphoneos*]" = "iPhone Developer";
				COPY_PHASE_STRIP = NO;
				DEBUG_INFORMATION_FORMAT = "dwarf-with-dsym";
				ENABLE_NS_ASSERTIONS = NO;
				ENABLE_STRICT_OBJC_MSGSEND = YES;
				GCC_C_LANGUAGE_STANDARD = gnu99;
				GCC_NO_COMMON_BLOCKS = YES;
				GCC_WARN_64_TO_32_BIT_CONVERSION = YES;
				GCC_WARN_ABOUT_RETURN_TYPE = YES_ERROR;
				GCC_WARN_UNDECLARED_SELECTOR = YES;
				GCC_WARN_UNINITIALIZED_AUTOS = YES_AGGRESSIVE;
				GCC_WARN_UNUSED_FUNCTION = YES;
				GCC_WARN_UNUSED_VARIABLE = YES;
				IPHONEOS_DEPLOYMENT_TARGET = 10.2;
				MTL_ENABLE_DEBUG_INFO = NO;
				SDKROOT = iphoneos;
				TARGETED_DEVICE_FAMILY = "1,2";
				VALIDATE_PRODUCT = YES;
			};
			name = Release;
		};
		AC7BD9AF1E0874B400C785EE /* Debug */ = {
			isa = XCBuildConfiguration;
			baseConfigurationReference = E4BFA3755FF27F9245670528 /* Pods-ChatSDK Demo.debug.xcconfig */;
			buildSettings = {
				ALWAYS_SEARCH_USER_PATHS = NO;
				ASSETCATALOG_COMPILER_APPICON_NAME = AppIcon;
				CODE_SIGN_ENTITLEMENTS = "ChatSDK Demo/ChatSDK Demo.entitlements";
				DEVELOPMENT_TEAM = P7RPLLCMTA;
				GCC_SYMBOLS_PRIVATE_EXTERN = NO;
				INFOPLIST_FILE = "ChatSDK Demo/Info.plist";
				IPHONEOS_DEPLOYMENT_TARGET = 9.0;
				PRODUCT_BUNDLE_IDENTIFIER = "co.deluge.Chat-SDK";
				PRODUCT_NAME = "$(TARGET_NAME)";
				SWIFT_VERSION = 3.0;
			};
			name = Debug;
		};
		AC7BD9B01E0874B400C785EE /* Release */ = {
			isa = XCBuildConfiguration;
			baseConfigurationReference = DE062C0474FC278866061398 /* Pods-ChatSDK Demo.release.xcconfig */;
			buildSettings = {
				ALWAYS_SEARCH_USER_PATHS = NO;
				ASSETCATALOG_COMPILER_APPICON_NAME = AppIcon;
				CODE_SIGN_ENTITLEMENTS = "ChatSDK Demo/ChatSDK Demo.entitlements";
				DEVELOPMENT_TEAM = P7RPLLCMTA;
				GCC_SYMBOLS_PRIVATE_EXTERN = NO;
				INFOPLIST_FILE = "ChatSDK Demo/Info.plist";
				IPHONEOS_DEPLOYMENT_TARGET = 9.0;
				PRODUCT_BUNDLE_IDENTIFIER = "co.deluge.Chat-SDK";
				PRODUCT_NAME = "$(TARGET_NAME)";
				SWIFT_VERSION = 3.0;
			};
			name = Release;
		};
/* End XCBuildConfiguration section */

/* Begin XCConfigurationList section */
		AC7BD9921E0874B400C785EE /* Build configuration list for PBXProject "ChatSDK Demo" */ = {
			isa = XCConfigurationList;
			buildConfigurations = (
				AC7BD9AC1E0874B400C785EE /* Debug */,
				AC7BD9AD1E0874B400C785EE /* Release */,
			);
			defaultConfigurationIsVisible = 0;
			defaultConfigurationName = Release;
		};
		AC7BD9AE1E0874B400C785EE /* Build configuration list for PBXNativeTarget "ChatSDK Demo" */ = {
			isa = XCConfigurationList;
			buildConfigurations = (
				AC7BD9AF1E0874B400C785EE /* Debug */,
				AC7BD9B01E0874B400C785EE /* Release */,
			);
			defaultConfigurationIsVisible = 0;
			defaultConfigurationName = Release;
		};
/* End XCConfigurationList section */
	};
	rootObject = AC7BD98F1E0874B400C785EE /* Project object */;
}
